// !$*UTF8*$!
{
	archiveVersion = 1;
	classes = {
	};
	objectVersion = 50;
	objects = {

/* Begin PBXBuildFile section */
		85EC344F24EF62DA000B5093 /* AppDelegate.swift in Sources */ = {isa = PBXBuildFile; fileRef = 85EC344E24EF62DA000B5093 /* AppDelegate.swift */; };
		85EC345124EF62DA000B5093 /* SceneDelegate.swift in Sources */ = {isa = PBXBuildFile; fileRef = 85EC345024EF62DA000B5093 /* SceneDelegate.swift */; };
		85EC345324EF62DA000B5093 /* ViewController.swift in Sources */ = {isa = PBXBuildFile; fileRef = 85EC345224EF62DA000B5093 /* ViewController.swift */; };
		85EC345624EF62DA000B5093 /* Main.storyboard in Resources */ = {isa = PBXBuildFile; fileRef = 85EC345424EF62DA000B5093 /* Main.storyboard */; };
		85EC345824EF62E3000B5093 /* Assets.xcassets in Resources */ = {isa = PBXBuildFile; fileRef = 85EC345724EF62E3000B5093 /* Assets.xcassets */; };
		85EC345B24EF62E3000B5093 /* LaunchScreen.storyboard in Resources */ = {isa = PBXBuildFile; fileRef = 85EC345924EF62E3000B5093 /* LaunchScreen.storyboard */; };
		85EC346624EF62E3000B5093 /* tipCalculatorTests.swift in Sources */ = {isa = PBXBuildFile; fileRef = 85EC346524EF62E3000B5093 /* tipCalculatorTests.swift */; };
		85EC347124EF62E3000B5093 /* tipCalculatorUITests.swift in Sources */ = {isa = PBXBuildFile; fileRef = 85EC347024EF62E3000B5093 /* tipCalculatorUITests.swift */; };
/* End PBXBuildFile section */

/* Begin PBXContainerItemProxy section */
		85EC346224EF62E3000B5093 /* PBXContainerItemProxy */ = {
			isa = PBXContainerItemProxy;
			containerPortal = 85EC344324EF62DA000B5093 /* Project object */;
			proxyType = 1;
			remoteGlobalIDString = 85EC344A24EF62DA000B5093;
			remoteInfo = tipCalculator;
		};
		85EC346D24EF62E3000B5093 /* PBXContainerItemProxy */ = {
			isa = PBXContainerItemProxy;
			containerPortal = 85EC344324EF62DA000B5093 /* Project object */;
			proxyType = 1;
			remoteGlobalIDString = 85EC344A24EF62DA000B5093;
			remoteInfo = tipCalculator;
		};
/* End PBXContainerItemProxy section */

/* Begin PBXFileReference section */
		85EC344B24EF62DA000B5093 /* tipCalculator.app */ = {isa = PBXFileReference; explicitFileType = wrapper.application; includeInIndex = 0; path = tipCalculator.app; sourceTree = BUILT_PRODUCTS_DIR; };
		85EC344E24EF62DA000B5093 /* AppDelegate.swift */ = {isa = PBXFileReference; lastKnownFileType = sourcecode.swift; path = AppDelegate.swift; sourceTree = "<group>"; };
		85EC345024EF62DA000B5093 /* SceneDelegate.swift */ = {isa = PBXFileReference; lastKnownFileType = sourcecode.swift; path = SceneDelegate.swift; sourceTree = "<group>"; };
		85EC345224EF62DA000B5093 /* ViewController.swift */ = {isa = PBXFileReference; lastKnownFileType = sourcecode.swift; path = ViewController.swift; sourceTree = "<group>"; };
		85EC345524EF62DA000B5093 /* Base */ = {isa = PBXFileReference; lastKnownFileType = file.storyboard; name = Base; path = Base.lproj/Main.storyboard; sourceTree = "<group>"; };
		85EC345724EF62E3000B5093 /* Assets.xcassets */ = {isa = PBXFileReference; lastKnownFileType = folder.assetcatalog; path = Assets.xcassets; sourceTree = "<group>"; };
		85EC345A24EF62E3000B5093 /* Base */ = {isa = PBXFileReference; lastKnownFileType = file.storyboard; name = Base; path = Base.lproj/LaunchScreen.storyboard; sourceTree = "<group>"; };
		85EC345C24EF62E3000B5093 /* Info.plist */ = {isa = PBXFileReference; lastKnownFileType = text.plist.xml; path = Info.plist; sourceTree = "<group>"; };
		85EC346124EF62E3000B5093 /* tipCalculatorTests.xctest */ = {isa = PBXFileReference; explicitFileType = wrapper.cfbundle; includeInIndex = 0; path = tipCalculatorTests.xctest; sourceTree = BUILT_PRODUCTS_DIR; };
		85EC346524EF62E3000B5093 /* tipCalculatorTests.swift */ = {isa = PBXFileReference; lastKnownFileType = sourcecode.swift; path = tipCalculatorTests.swift; sourceTree = "<group>"; };
		85EC346724EF62E3000B5093 /* Info.plist */ = {isa = PBXFileReference; lastKnownFileType = text.plist.xml; path = Info.plist; sourceTree = "<group>"; };
		85EC346C24EF62E3000B5093 /* tipCalculatorUITests.xctest */ = {isa = PBXFileReference; explicitFileType = wrapper.cfbundle; includeInIndex = 0; path = tipCalculatorUITests.xctest; sourceTree = BUILT_PRODUCTS_DIR; };
		85EC347024EF62E3000B5093 /* tipCalculatorUITests.swift */ = {isa = PBXFileReference; lastKnownFileType = sourcecode.swift; path = tipCalculatorUITests.swift; sourceTree = "<group>"; };
		85EC347224EF62E3000B5093 /* Info.plist */ = {isa = PBXFileReference; lastKnownFileType = text.plist.xml; path = Info.plist; sourceTree = "<group>"; };
/* End PBXFileReference section */

/* Begin PBXFrameworksBuildPhase section */
		85EC344824EF62DA000B5093 /* Frameworks */ = {
			isa = PBXFrameworksBuildPhase;
			buildActionMask = 2147483647;
			files = (
			);
			runOnlyForDeploymentPostprocessing = 0;
		};
		85EC345E24EF62E3000B5093 /* Frameworks */ = {
			isa = PBXFrameworksBuildPhase;
			buildActionMask = 2147483647;
			files = (
			);
			runOnlyForDeploymentPostprocessing = 0;
		};
		85EC346924EF62E3000B5093 /* Frameworks */ = {
			isa = PBXFrameworksBuildPhase;
			buildActionMask = 2147483647;
			files = (
			);
			runOnlyForDeploymentPostprocessing = 0;
		};
/* End PBXFrameworksBuildPhase section */

/* Begin PBXGroup section */
		85EC344224EF62DA000B5093 = {
			isa = PBXGroup;
			children = (
				85EC344D24EF62DA000B5093 /* tipCalculator */,
				85EC346424EF62E3000B5093 /* tipCalculatorTests */,
				85EC346F24EF62E3000B5093 /* tipCalculatorUITests */,
				85EC344C24EF62DA000B5093 /* Products */,
			);
			sourceTree = "<group>";
		};
		85EC344C24EF62DA000B5093 /* Products */ = {
			isa = PBXGroup;
			children = (
				85EC344B24EF62DA000B5093 /* tipCalculator.app */,
				85EC346124EF62E3000B5093 /* tipCalculatorTests.xctest */,
				85EC346C24EF62E3000B5093 /* tipCalculatorUITests.xctest */,
			);
			name = Products;
			sourceTree = "<group>";
		};
		85EC344D24EF62DA000B5093 /* tipCalculator */ = {
			isa = PBXGroup;
			children = (
				85EC344E24EF62DA000B5093 /* AppDelegate.swift */,
				85EC345024EF62DA000B5093 /* SceneDelegate.swift */,
				85EC345224EF62DA000B5093 /* ViewController.swift */,
				85EC345424EF62DA000B5093 /* Main.storyboard */,
				85EC345724EF62E3000B5093 /* Assets.xcassets */,
				85EC345924EF62E3000B5093 /* LaunchScreen.storyboard */,
				85EC345C24EF62E3000B5093 /* Info.plist */,
			);
			path = tipCalculator;
			sourceTree = "<group>";
		};
		85EC346424EF62E3000B5093 /* tipCalculatorTests */ = {
			isa = PBXGroup;
			children = (
				85EC346524EF62E3000B5093 /* tipCalculatorTests.swift */,
				85EC346724EF62E3000B5093 /* Info.plist */,
			);
			path = tipCalculatorTests;
			sourceTree = "<group>";
		};
		85EC346F24EF62E3000B5093 /* tipCalculatorUITests */ = {
			isa = PBXGroup;
			children = (
				85EC347024EF62E3000B5093 /* tipCalculatorUITests.swift */,
				85EC347224EF62E3000B5093 /* Info.plist */,
			);
			path = tipCalculatorUITests;
			sourceTree = "<group>";
		};
/* End PBXGroup section */

/* Begin PBXNativeTarget section */
		85EC344A24EF62DA000B5093 /* tipCalculator */ = {
			isa = PBXNativeTarget;
			buildConfigurationList = 85EC347524EF62E3000B5093 /* Build configuration list for PBXNativeTarget "tipCalculator" */;
			buildPhases = (
				85EC344724EF62DA000B5093 /* Sources */,
				85EC344824EF62DA000B5093 /* Frameworks */,
				85EC344924EF62DA000B5093 /* Resources */,
			);
			buildRules = (
			);
			dependencies = (
			);
			name = tipCalculator;
			productName = tipCalculator;
			productReference = 85EC344B24EF62DA000B5093 /* tipCalculator.app */;
			productType = "com.apple.product-type.application";
		};
		85EC346024EF62E3000B5093 /* tipCalculatorTests */ = {
			isa = PBXNativeTarget;
			buildConfigurationList = 85EC347824EF62E3000B5093 /* Build configuration list for PBXNativeTarget "tipCalculatorTests" */;
			buildPhases = (
				85EC345D24EF62E3000B5093 /* Sources */,
				85EC345E24EF62E3000B5093 /* Frameworks */,
				85EC345F24EF62E3000B5093 /* Resources */,
			);
			buildRules = (
			);
			dependencies = (
				85EC346324EF62E3000B5093 /* PBXTargetDependency */,
			);
			name = tipCalculatorTests;
			productName = tipCalculatorTests;
			productReference = 85EC346124EF62E3000B5093 /* tipCalculatorTests.xctest */;
			productType = "com.apple.product-type.bundle.unit-test";
		};
		85EC346B24EF62E3000B5093 /* tipCalculatorUITests */ = {
			isa = PBXNativeTarget;
			buildConfigurationList = 85EC347B24EF62E3000B5093 /* Build configuration list for PBXNativeTarget "tipCalculatorUITests" */;
			buildPhases = (
				85EC346824EF62E3000B5093 /* Sources */,
				85EC346924EF62E3000B5093 /* Frameworks */,
				85EC346A24EF62E3000B5093 /* Resources */,
			);
			buildRules = (
			);
			dependencies = (
				85EC346E24EF62E3000B5093 /* PBXTargetDependency */,
			);
			name = tipCalculatorUITests;
			productName = tipCalculatorUITests;
			productReference = 85EC346C24EF62E3000B5093 /* tipCalculatorUITests.xctest */;
			productType = "com.apple.product-type.bundle.ui-testing";
		};
/* End PBXNativeTarget section */

/* Begin PBXProject section */
		85EC344324EF62DA000B5093 /* Project object */ = {
			isa = PBXProject;
			attributes = {
				LastSwiftUpdateCheck = 1160;
				LastUpgradeCheck = 1160;
				ORGANIZATIONNAME = Sanmesh;
				TargetAttributes = {
					85EC344A24EF62DA000B5093 = {
						CreatedOnToolsVersion = 11.6;
					};
					85EC346024EF62E3000B5093 = {
						CreatedOnToolsVersion = 11.6;
						TestTargetID = 85EC344A24EF62DA000B5093;
					};
					85EC346B24EF62E3000B5093 = {
						CreatedOnToolsVersion = 11.6;
						TestTargetID = 85EC344A24EF62DA000B5093;
					};
				};
			};
			buildConfigurationList = 85EC344624EF62DA000B5093 /* Build configuration list for PBXProject "tipCalculator" */;
			compatibilityVersion = "Xcode 9.3";
			developmentRegion = en;
			hasScannedForEncodings = 0;
			knownRegions = (
				en,
				Base,
			);
			mainGroup = 85EC344224EF62DA000B5093;
			productRefGroup = 85EC344C24EF62DA000B5093 /* Products */;
			projectDirPath = "";
			projectRoot = "";
			targets = (
				85EC344A24EF62DA000B5093 /* tipCalculator */,
				85EC346024EF62E3000B5093 /* tipCalculatorTests */,
				85EC346B24EF62E3000B5093 /* tipCalculatorUITests */,
			);
		};
/* End PBXProject section */

/* Begin PBXResourcesBuildPhase section */
		85EC344924EF62DA000B5093 /* Resources */ = {
			isa = PBXResourcesBuildPhase;
			buildActionMask = 2147483647;
			files = (
				85EC345B24EF62E3000B5093 /* LaunchScreen.storyboard in Resources */,
				85EC345824EF62E3000B5093 /* Assets.xcassets in Resources */,
				85EC345624EF62DA000B5093 /* Main.storyboard in Resources */,
			);
			runOnlyForDeploymentPostprocessing = 0;
		};
		85EC345F24EF62E3000B5093 /* Resources */ = {
			isa = PBXResourcesBuildPhase;
			buildActionMask = 2147483647;
			files = (
			);
			runOnlyForDeploymentPostprocessing = 0;
		};
		85EC346A24EF62E3000B5093 /* Resources */ = {
			isa = PBXResourcesBuildPhase;
			buildActionMask = 2147483647;
			files = (
			);
			runOnlyForDeploymentPostprocessing = 0;
		};
/* End PBXResourcesBuildPhase section */

/* Begin PBXSourcesBuildPhase section */
		85EC344724EF62DA000B5093 /* Sources */ = {
			isa = PBXSourcesBuildPhase;
			buildActionMask = 2147483647;
			files = (
				85EC345324EF62DA000B5093 /* ViewController.swift in Sources */,
				85EC344F24EF62DA000B5093 /* AppDelegate.swift in Sources */,
				85EC345124EF62DA000B5093 /* SceneDelegate.swift in Sources */,
			);
			runOnlyForDeploymentPostprocessing = 0;
		};
		85EC345D24EF62E3000B5093 /* Sources */ = {
			isa = PBXSourcesBuildPhase;
			buildActionMask = 2147483647;
			files = (
				85EC346624EF62E3000B5093 /* tipCalculatorTests.swift in Sources */,
			);
			runOnlyForDeploymentPostprocessing = 0;
		};
		85EC346824EF62E3000B5093 /* Sources */ = {
			isa = PBXSourcesBuildPhase;
			buildActionMask = 2147483647;
			files = (
				85EC347124EF62E3000B5093 /* tipCalculatorUITests.swift in Sources */,
			);
			runOnlyForDeploymentPostprocessing = 0;
		};
/* End PBXSourcesBuildPhase section */

/* Begin PBXTargetDependency section */
		85EC346324EF62E3000B5093 /* PBXTargetDependency */ = {
			isa = PBXTargetDependency;
			target = 85EC344A24EF62DA000B5093 /* tipCalculator */;
			targetProxy = 85EC346224EF62E3000B5093 /* PBXContainerItemProxy */;
		};
		85EC346E24EF62E3000B5093 /* PBXTargetDependency */ = {
			isa = PBXTargetDependency;
			target = 85EC344A24EF62DA000B5093 /* tipCalculator */;
			targetProxy = 85EC346D24EF62E3000B5093 /* PBXContainerItemProxy */;
		};
/* End PBXTargetDependency section */

/* Begin PBXVariantGroup section */
		85EC345424EF62DA000B5093 /* Main.storyboard */ = {
			isa = PBXVariantGroup;
			children = (
				85EC345524EF62DA000B5093 /* Base */,
			);
			name = Main.storyboard;
			sourceTree = "<group>";
		};
		85EC345924EF62E3000B5093 /* LaunchScreen.storyboard */ = {
			isa = PBXVariantGroup;
			children = (
				85EC345A24EF62E3000B5093 /* Base */,
			);
			name = LaunchScreen.storyboard;
			sourceTree = "<group>";
		};
/* End PBXVariantGroup section */

/* Begin XCBuildConfiguration section */
		85EC347324EF62E3000B5093 /* Debug */ = {
			isa = XCBuildConfiguration;
			buildSettings = {
				ALWAYS_SEARCH_USER_PATHS = NO;
				CLANG_ANALYZER_NONNULL = YES;
				CLANG_ANALYZER_NUMBER_OBJECT_CONVERSION = YES_AGGRESSIVE;
				CLANG_CXX_LANGUAGE_STANDARD = "gnu++14";
				CLANG_CXX_LIBRARY = "libc++";
				CLANG_ENABLE_MODULES = YES;
				CLANG_ENABLE_OBJC_ARC = YES;
				CLANG_ENABLE_OBJC_WEAK = YES;
				CLANG_WARN_BLOCK_CAPTURE_AUTORELEASING = YES;
				CLANG_WARN_BOOL_CONVERSION = YES;
				CLANG_WARN_COMMA = YES;
				CLANG_WARN_CONSTANT_CONVERSION = YES;
				CLANG_WARN_DEPRECATED_OBJC_IMPLEMENTATIONS = YES;
				CLANG_WARN_DIRECT_OBJC_ISA_USAGE = YES_ERROR;
				CLANG_WARN_DOCUMENTATION_COMMENTS = YES;
				CLANG_WARN_EMPTY_BODY = YES;
				CLANG_WARN_ENUM_CONVERSION = YES;
				CLANG_WARN_INFINITE_RECURSION = YES;
				CLANG_WARN_INT_CONVERSION = YES;
				CLANG_WARN_NON_LITERAL_NULL_CONVERSION = YES;
				CLANG_WARN_OBJC_IMPLICIT_RETAIN_SELF = YES;
				CLANG_WARN_OBJC_LITERAL_CONVERSION = YES;
				CLANG_WARN_OBJC_ROOT_CLASS = YES_ERROR;
				CLANG_WARN_RANGE_LOOP_ANALYSIS = YES;
				CLANG_WARN_STRICT_PROTOTYPES = YES;
				CLANG_WARN_SUSPICIOUS_MOVE = YES;
				CLANG_WARN_UNGUARDED_AVAILABILITY = YES_AGGRESSIVE;
				CLANG_WARN_UNREACHABLE_CODE = YES;
				CLANG_WARN__DUPLICATE_METHOD_MATCH = YES;
				COPY_PHASE_STRIP = NO;
				DEBUG_INFORMATION_FORMAT = dwarf;
				ENABLE_STRICT_OBJC_MSGSEND = YES;
				ENABLE_TESTABILITY = YES;
				GCC_C_LANGUAGE_STANDARD = gnu11;
				GCC_DYNAMIC_NO_PIC = NO;
				GCC_NO_COMMON_BLOCKS = YES;
				GCC_OPTIMIZATION_LEVEL = 0;
				GCC_PREPROCESSOR_DEFINITIONS = (
					"DEBUG=1",
					"$(inherited)",
				);
				GCC_WARN_64_TO_32_BIT_CONVERSION = YES;
				GCC_WARN_ABOUT_RETURN_TYPE = YES_ERROR;
				GCC_WARN_UNDECLARED_SELECTOR = YES;
				GCC_WARN_UNINITIALIZED_AUTOS = YES_AGGRESSIVE;
				GCC_WARN_UNUSED_FUNCTION = YES;
				GCC_WARN_UNUSED_VARIABLE = YES;
				IPHONEOS_DEPLOYMENT_TARGET = 13.6;
				MTL_ENABLE_DEBUG_INFO = INCLUDE_SOURCE;
				MTL_FAST_MATH = YES;
				ONLY_ACTIVE_ARCH = YES;
				SDKROOT = iphoneos;
				SWIFT_ACTIVE_COMPILATION_CONDITIONS = DEBUG;
				SWIFT_OPTIMIZATION_LEVEL = "-Onone";
			};
			name = Debug;
		};
		85EC347424EF62E3000B5093 /* Release */ = {
			isa = XCBuildConfiguration;
			buildSettings = {
				ALWAYS_SEARCH_USER_PATHS = NO;
				CLANG_ANALYZER_NONNULL = YES;
				CLANG_ANALYZER_NUMBER_OBJECT_CONVERSION = YES_AGGRESSIVE;
				CLANG_CXX_LANGUAGE_STANDARD = "gnu++14";
				CLANG_CXX_LIBRARY = "libc++";
				CLANG_ENABLE_MODULES = YES;
				CLANG_ENABLE_OBJC_ARC = YES;
				CLANG_ENABLE_OBJC_WEAK = YES;
				CLANG_WARN_BLOCK_CAPTURE_AUTORELEASING = YES;
				CLANG_WARN_BOOL_CONVERSION = YES;
				CLANG_WARN_COMMA = YES;
				CLANG_WARN_CONSTANT_CONVERSION = YES;
				CLANG_WARN_DEPRECATED_OBJC_IMPLEMENTATIONS = YES;
				CLANG_WARN_DIRECT_OBJC_ISA_USAGE = YES_ERROR;
				CLANG_WARN_DOCUMENTATION_COMMENTS = YES;
				CLANG_WARN_EMPTY_BODY = YES;
				CLANG_WARN_ENUM_CONVERSION = YES;
				CLANG_WARN_INFINITE_RECURSION = YES;
				CLANG_WARN_INT_CONVERSION = YES;
				CLANG_WARN_NON_LITERAL_NULL_CONVERSION = YES;
				CLANG_WARN_OBJC_IMPLICIT_RETAIN_SELF = YES;
				CLANG_WARN_OBJC_LITERAL_CONVERSION = YES;
				CLANG_WARN_OBJC_ROOT_CLASS = YES_ERROR;
				CLANG_WARN_RANGE_LOOP_ANALYSIS = YES;
				CLANG_WARN_STRICT_PROTOTYPES = YES;
				CLANG_WARN_SUSPICIOUS_MOVE = YES;
				CLANG_WARN_UNGUARDED_AVAILABILITY = YES_AGGRESSIVE;
				CLANG_WARN_UNREACHABLE_CODE = YES;
				CLANG_WARN__DUPLICATE_METHOD_MATCH = YES;
				COPY_PHASE_STRIP = NO;
				DEBUG_INFORMATION_FORMAT = "dwarf-with-dsym";
				ENABLE_NS_ASSERTIONS = NO;
				ENABLE_STRICT_OBJC_MSGSEND = YES;
				GCC_C_LANGUAGE_STANDARD = gnu11;
				GCC_NO_COMMON_BLOCKS = YES;
				GCC_WARN_64_TO_32_BIT_CONVERSION = YES;
				GCC_WARN_ABOUT_RETURN_TYPE = YES_ERROR;
				GCC_WARN_UNDECLARED_SELECTOR = YES;
				GCC_WARN_UNINITIALIZED_AUTOS = YES_AGGRESSIVE;
				GCC_WARN_UNUSED_FUNCTION = YES;
				GCC_WARN_UNUSED_VARIABLE = YES;
				IPHONEOS_DEPLOYMENT_TARGET = 13.6;
				MTL_ENABLE_DEBUG_INFO = NO;
				MTL_FAST_MATH = YES;
				SDKROOT = iphoneos;
				SWIFT_COMPILATION_MODE = wholemodule;
				SWIFT_OPTIMIZATION_LEVEL = "-O";
				VALIDATE_PRODUCT = YES;
			};
			name = Release;
		};
		85EC347624EF62E3000B5093 /* Debug */ = {
			isa = XCBuildConfiguration;
			buildSettings = {
				ASSETCATALOG_COMPILER_APPICON_NAME = AppIcon;
				CODE_SIGN_STYLE = Automatic;
				INFOPLIST_FILE = tipCalculator/Info.plist;
				LD_RUNPATH_SEARCH_PATHS = (
					"$(inherited)",
					"@executable_path/Frameworks",
				);
				PRODUCT_BUNDLE_IDENTIFIER = Sanmesh.tipCalculator;
				PRODUCT_NAME = "$(TARGET_NAME)";
				SWIFT_VERSION = 5.0;
				TARGETED_DEVICE_FAMILY = "1,2";
			};
			name = Debug;
		};
		85EC347724EF62E3000B5093 /* Release */ = {
			isa = XCBuildConfiguration;
			buildSettings = {
				ASSETCATALOG_COMPILER_APPICON_NAME = AppIcon;
				CODE_SIGN_STYLE = Automatic;
				INFOPLIST_FILE = tipCalculator/Info.plist;
				LD_RUNPATH_SEARCH_PATHS = (
					"$(inherited)",
					"@executable_path/Frameworks",
				);
				PRODUCT_BUNDLE_IDENTIFIER = Sanmesh.tipCalculator;
				PRODUCT_NAME = "$(TARGET_NAME)";
				SWIFT_VERSION = 5.0;
				TARGETED_DEVICE_FAMILY = "1,2";
			};
			name = Release;
		};
		85EC347924EF62E3000B5093 /* Debug */ = {
			isa = XCBuildConfiguration;
			buildSettings = {
				ALWAYS_EMBED_SWIFT_STANDARD_LIBRARIES = YES;
				BUNDLE_LOADER = "$(TEST_HOST)";
				CODE_SIGN_STYLE = Automatic;
				INFOPLIST_FILE = tipCalculatorTests/Info.plist;
				IPHONEOS_DEPLOYMENT_TARGET = 13.6;
				LD_RUNPATH_SEARCH_PATHS = (
					"$(inherited)",
					"@executable_path/Frameworks",
					"@loader_path/Frameworks",
				);
				PRODUCT_BUNDLE_IDENTIFIER = Sanmesh.tipCalculatorTests;
				PRODUCT_NAME = "$(TARGET_NAME)";
				SWIFT_VERSION = 5.0;
				TARGETED_DEVICE_FAMILY = "1,2";
				TEST_HOST = "$(BUILT_PRODUCTS_DIR)/tipCalculator.app/tipCalculator";
			};
			name = Debug;
		};
		85EC347A24EF62E3000B5093 /* Release */ = {
			isa = XCBuildConfiguration;
			buildSettings = {
				ALWAYS_EMBED_SWIFT_STANDARD_LIBRARIES = YES;
				BUNDLE_LOADER = "$(TEST_HOST)";
				CODE_SIGN_STYLE = Automatic;
				INFOPLIST_FILE = tipCalculatorTests/Info.plist;
				IPHONEOS_DEPLOYMENT_TARGET = 13.6;
				LD_RUNPATH_SEARCH_PATHS = (
					"$(inherited)",
					"@executable_path/Frameworks",
					"@loader_path/Frameworks",
				);
				PRODUCT_BUNDLE_IDENTIFIER = Sanmesh.tipCalculatorTests;
				PRODUCT_NAME = "$(TARGET_NAME)";
				SWIFT_VERSION = 5.0;
				TARGETED_DEVICE_FAMILY = "1,2";
				TEST_HOST = "$(BUILT_PRODUCTS_DIR)/tipCalculator.app/tipCalculator";
			};
			name = Release;
		};
		85EC347C24EF62E3000B5093 /* Debug */ = {
			isa = XCBuildConfiguration;
			buildSettings = {
				ALWAYS_EMBED_SWIFT_STANDARD_LIBRARIES = YES;
				CODE_SIGN_STYLE = Automatic;
				INFOPLIST_FILE = tipCalculatorUITests/Info.plist;
				LD_RUNPATH_SEARCH_PATHS = (
					"$(inherited)",
					"@executable_path/Frameworks",
					"@loader_path/Frameworks",
				);
				PRODUCT_BUNDLE_IDENTIFIER = Sanmesh.tipCalculatorUITests;
				PRODUCT_NAME = "$(TARGET_NAME)";
				SWIFT_VERSION = 5.0;
				TARGETED_DEVICE_FAMILY = "1,2";
				TEST_TARGET_NAME = tipCalculator;
			};
			name = Debug;
		};
		85EC347D24EF62E3000B5093 /* Release */ = {
			isa = XCBuildConfiguration;
			buildSettings = {
				ALWAYS_EMBED_SWIFT_STANDARD_LIBRARIES = YES;
				CODE_SIGN_STYLE = Automatic;
				INFOPLIST_FILE = tipCalculatorUITests/Info.plist;
				LD_RUNPATH_SEARCH_PATHS = (
					"$(inherited)",
					"@executable_path/Frameworks",
					"@loader_path/Frameworks",
				);
				PRODUCT_BUNDLE_IDENTIFIER = Sanmesh.tipCalculatorUITests;
				PRODUCT_NAME = "$(TARGET_NAME)";
				SWIFT_VERSION = 5.0;
				TARGETED_DEVICE_FAMILY = "1,2";
				TEST_TARGET_NAME = tipCalculator;
			};
			name = Release;
		};
/* End XCBuildConfiguration section */

/* Begin XCConfigurationList section */
		85EC344624EF62DA000B5093 /* Build configuration list for PBXProject "tipCalculator" */ = {
			isa = XCConfigurationList;
			buildConfigurations = (
				85EC347324EF62E3000B5093 /* Debug */,
				85EC347424EF62E3000B5093 /* Release */,
			);
			defaultConfigurationIsVisible = 0;
			defaultConfigurationName = Release;
		};
		85EC347524EF62E3000B5093 /* Build configuration list for PBXNativeTarget "tipCalculator" */ = {
			isa = XCConfigurationList;
			buildConfigurations = (
				85EC347624EF62E3000B5093 /* Debug */,
				85EC347724EF62E3000B5093 /* Release */,
			);
			defaultConfigurationIsVisible = 0;
			defaultConfigurationName = Release;
		};
		85EC347824EF62E3000B5093 /* Build configuration list for PBXNativeTarget "tipCalculatorTests" */ = {
			isa = XCConfigurationList;
			buildConfigurations = (
				85EC347924EF62E3000B5093 /* Debug */,
				85EC347A24EF62E3000B5093 /* Release */,
			);
			defaultConfigurationIsVisible = 0;
			defaultConfigurationName = Release;
		};
		85EC347B24EF62E3000B5093 /* Build configuration list for PBXNativeTarget "tipCalculatorUITests" */ = {
			isa = XCConfigurationList;
			buildConfigurations = (
				85EC347C24EF62E3000B5093 /* Debug */,
				85EC347D24EF62E3000B5093 /* Release */,
			);
			defaultConfigurationIsVisible = 0;
			defaultConfigurationName = Release;
		};
/* End XCConfigurationList section */
	};
	rootObject = 85EC344324EF62DA000B5093 /* Project object */;
}
